
Microsoft Visual Studio Solution File, Format Version 12.00
# Visual Studio Version 16
VisualStudioVersion = 16.0.31205.134
MinimumVisualStudioVersion = 10.0.40219.1
Project("{8BC9CEB8-8B4A-11D0-8D11-00A0C91BC942}") = "HashTable", "HashTable.vcxproj", "{246DEB0D-6C09-4DB2-9017-8771A7591945}"
EndProject
Global
	GlobalSection(SolutionConfigurationPlatforms) = preSolution
		Debug|x64 = Debug|x64
		Debug|x86 = Debug|x86
		Release|x64 = Release|x64
		Release|x86 = Release|x86
	EndGlobalSection
	GlobalSection(ProjectConfigurationPlatforms) = postSolution
		{246DEB0D-6C09-4DB2-9017-8771A7591945}.Debug|x64.ActiveCfg = Debug|x64
		{246DEB0D-6C09-4DB2-9017-8771A7591945}.Debug|x64.Build.0 = Debug|x64
		{246DEB0D-6C09-4DB2-9017-8771A7591945}.Debug|x86.ActiveCfg = Debug|Win32
		{246DEB0D-6C09-4DB2-9017-8771A7591945}.Debug|x86.Build.0 = Debug|Win32
		{246DEB0D-6C09-4DB2-9017-8771A7591945}.Release|x64.ActiveCfg = Release|x64
		{246DEB0D-6C09-4DB2-9017-8771A7591945}.Release|x64.Build.0 = Release|x64
		{246DEB0D-6C09-4DB2-9017-8771A7591945}.Release|x86.ActiveCfg = Release|Win32
		{246DEB0D-6C09-4DB2-9017-8771A7591945}.Release|x86.Build.0 = Release|Win32
	EndGlobalSection
	GlobalSection(SolutionProperties) = preSolution
		HideSolutionNode = FALSE
	EndGlobalSection
	GlobalSection(ExtensibilityGlobals) = postSolution
		SolutionGuid = {F4D94DC7-18F5-4EA2-BF4D-3DA1EC81673C}
	EndGlobalSection
EndGlobal
